
Microsoft Visual Studio Solution File, Format Version 12.00
# Visual Studio Version 17
VisualStudioVersion = 17.10.34916.146
MinimumVisualStudioVersion = 10.0.40219.1
Project("{FAE04EC0-301F-11D3-BF4B-00C04F79EFBC}") = "MyFirstEFCoreApp", "MyFirstEFCoreApp.csproj", "{C4361F00-7465-41D0-B33B-6368F9315F83}"
EndProject
Global
	GlobalSection(SolutionConfigurationPlatforms) = preSolution
		Debug|Any CPU = Debug|Any CPU
		Release|Any CPU = Release|Any CPU
	EndGlobalSection
	GlobalSection(ProjectConfigurationPlatforms) = postSolution
		{C4361F00-7465-41D0-B33B-6368F9315F83}.Debug|Any CPU.ActiveCfg = Debug|Any CPU
		{C4361F00-7465-41D0-B33B-6368F9315F83}.Debug|Any CPU.Build.0 = Debug|Any CPU
		{C4361F00-7465-41D0-B33B-6368F9315F83}.Release|Any CPU.ActiveCfg = Release|Any CPU
		{C4361F00-7465-41D0-B33B-6368F9315F83}.Release|Any CPU.Build.0 = Release|Any CPU
	EndGlobalSection
	GlobalSection(SolutionProperties) = preSolution
		HideSolutionNode = FALSE
	EndGlobalSection
	GlobalSection(ExtensibilityGlobals) = postSolution
		SolutionGuid = {F57C9D8E-3F40-47B8-94F4-EDD3B7379002}
	EndGlobalSection
EndGlobal
